
Microsoft Visual Studio Solution File, Format Version 12.00
# Visual Studio Version 16
VisualStudioVersion = 16.0.33214.272
MinimumVisualStudioVersion = 10.0.40219.1
Project("{9A19103F-16F7-4668-BE54-9A1E7A4F7556}") = "OrbisLib2", "OrbisLib2\OrbisLib2.csproj", "{2D355DCA-FB22-46B2-BBEA-51AC4D0AEDFD}"
EndProject
Project("{2150E333-8FDC-42A3-9474-1A3956D46DE8}") = "Playstation", "Playstation", "{5AA1142C-1B3D-4604-941A-EBB3DFDF22EE}"
EndProject
Project("{2150E333-8FDC-42A3-9474-1A3956D46DE8}") = "Windows", "Windows", "{3567F3D2-AA8C-4C95-94A0-36E97272C77A}"
EndProject
Project("{8BC9CEB8-8B4A-11D0-8D11-00A0C91BC942}") = "OrbisToolbox", "OrbisToolbox\OrbisToolbox.vcxproj", "{A31A3547-DC17-4742-B526-9D5DBC7FEFD4}"
EndProject
Project("{2150E333-8FDC-42A3-9474-1A3956D46DE8}") = "OrbisLib", "OrbisLib", "{5AAAF3A7-74FF-4DAE-B79C-98DEC6AA87D7}"
EndProject
Project("{2150E333-8FDC-42A3-9474-1A3956D46DE8}") = "Toolbox", "Toolbox", "{C275EE16-47B7-43F6-9114-09B28BFCA07A}"
EndProject
Project("{2150E333-8FDC-42A3-9474-1A3956D46DE8}") = "Loader", "Loader", "{6A34B1D1-D22D-469C-AFD6-E2CD74E0BFB3}"
EndProject
Project("{8BC9CEB8-8B4A-11D0-8D11-00A0C91BC942}") = "OrbisLibDaemon", "OrbisLibDaemon\OrbisLibDaemon.vcxproj", "{A39FC9BA-130E-4993-9D80-46564A892EE4}"
EndProject
Global
	GlobalSection(SolutionConfigurationPlatforms) = preSolution
		Debug|Any CPU = Debug|Any CPU
		Debug|ORBIS = Debug|ORBIS
		Debug|x64 = Debug|x64
		Release|Any CPU = Release|Any CPU
		Release|ORBIS = Release|ORBIS
		Release|x64 = Release|x64
	EndGlobalSection
	GlobalSection(ProjectConfigurationPlatforms) = postSolution
		{2D355DCA-FB22-46B2-BBEA-51AC4D0AEDFD}.Debug|Any CPU.ActiveCfg = Debug|Any CPU
		{2D355DCA-FB22-46B2-BBEA-51AC4D0AEDFD}.Debug|Any CPU.Build.0 = Debug|Any CPU
		{2D355DCA-FB22-46B2-BBEA-51AC4D0AEDFD}.Debug|ORBIS.ActiveCfg = Debug|Any CPU
		{2D355DCA-FB22-46B2-BBEA-51AC4D0AEDFD}.Debug|ORBIS.Build.0 = Debug|Any CPU
		{2D355DCA-FB22-46B2-BBEA-51AC4D0AEDFD}.Debug|x64.ActiveCfg = Debug|Any CPU
		{2D355DCA-FB22-46B2-BBEA-51AC4D0AEDFD}.Debug|x64.Build.0 = Debug|Any CPU
		{2D355DCA-FB22-46B2-BBEA-51AC4D0AEDFD}.Release|Any CPU.ActiveCfg = Release|Any CPU
		{2D355DCA-FB22-46B2-BBEA-51AC4D0AEDFD}.Release|Any CPU.Build.0 = Release|Any CPU
		{2D355DCA-FB22-46B2-BBEA-51AC4D0AEDFD}.Release|ORBIS.ActiveCfg = Release|Any CPU
		{2D355DCA-FB22-46B2-BBEA-51AC4D0AEDFD}.Release|ORBIS.Build.0 = Release|Any CPU
		{2D355DCA-FB22-46B2-BBEA-51AC4D0AEDFD}.Release|x64.ActiveCfg = Release|Any CPU
		{2D355DCA-FB22-46B2-BBEA-51AC4D0AEDFD}.Release|x64.Build.0 = Release|Any CPU
		{A31A3547-DC17-4742-B526-9D5DBC7FEFD4}.Debug|Any CPU.ActiveCfg = Debug|ORBIS
		{A31A3547-DC17-4742-B526-9D5DBC7FEFD4}.Debug|ORBIS.ActiveCfg = Debug|ORBIS
		{A31A3547-DC17-4742-B526-9D5DBC7FEFD4}.Debug|ORBIS.Build.0 = Debug|ORBIS
		{A31A3547-DC17-4742-B526-9D5DBC7FEFD4}.Debug|x64.ActiveCfg = Debug|ORBIS
		{A31A3547-DC17-4742-B526-9D5DBC7FEFD4}.Release|Any CPU.ActiveCfg = Release|ORBIS
		{A31A3547-DC17-4742-B526-9D5DBC7FEFD4}.Release|ORBIS.ActiveCfg = Release|ORBIS
		{A31A3547-DC17-4742-B526-9D5DBC7FEFD4}.Release|ORBIS.Build.0 = Release|ORBIS
		{A31A3547-DC17-4742-B526-9D5DBC7FEFD4}.Release|x64.ActiveCfg = Release|ORBIS
		{A39FC9BA-130E-4993-9D80-46564A892EE4}.Debug|Any CPU.ActiveCfg = Debug|ORBIS
		{A39FC9BA-130E-4993-9D80-46564A892EE4}.Debug|ORBIS.ActiveCfg = Debug|ORBIS
		{A39FC9BA-130E-4993-9D80-46564A892EE4}.Debug|ORBIS.Build.0 = Debug|ORBIS
		{A39FC9BA-130E-4993-9D80-46564A892EE4}.Debug|x64.ActiveCfg = Debug|ORBIS
		{A39FC9BA-130E-4993-9D80-46564A892EE4}.Release|Any CPU.ActiveCfg = Release|ORBIS
		{A39FC9BA-130E-4993-9D80-46564A892EE4}.Release|ORBIS.ActiveCfg = Release|ORBIS
		{A39FC9BA-130E-4993-9D80-46564A892EE4}.Release|ORBIS.Build.0 = Release|ORBIS
		{A39FC9BA-130E-4993-9D80-46564A892EE4}.Release|x64.ActiveCfg = Release|ORBIS
	EndGlobalSection
	GlobalSection(SolutionProperties) = preSolution
		HideSolutionNode = FALSE
	EndGlobalSection
	GlobalSection(NestedProjects) = preSolution
		{2D355DCA-FB22-46B2-BBEA-51AC4D0AEDFD} = {3567F3D2-AA8C-4C95-94A0-36E97272C77A}
		{A31A3547-DC17-4742-B526-9D5DBC7FEFD4} = {C275EE16-47B7-43F6-9114-09B28BFCA07A}
		{5AAAF3A7-74FF-4DAE-B79C-98DEC6AA87D7} = {5AA1142C-1B3D-4604-941A-EBB3DFDF22EE}
		{C275EE16-47B7-43F6-9114-09B28BFCA07A} = {5AA1142C-1B3D-4604-941A-EBB3DFDF22EE}
		{6A34B1D1-D22D-469C-AFD6-E2CD74E0BFB3} = {5AA1142C-1B3D-4604-941A-EBB3DFDF22EE}
		{A39FC9BA-130E-4993-9D80-46564A892EE4} = {5AAAF3A7-74FF-4DAE-B79C-98DEC6AA87D7}
	EndGlobalSection
	GlobalSection(ExtensibilityGlobals) = postSolution
		SolutionGuid = {71E4052C-AB52-4284-AF91-2711A2DCD093}
	EndGlobalSection
EndGlobal
